PODS:
  - Alamofire (5.7.1)
  - Atributika (4.10.1)
  - CryptoSwift (1.7.1)
  - Realm (10.40.0):
    - Realm/Headers (= 10.40.0)
  - Realm/Headers (10.40.0)
  - RxCocoa (6.5.0):
    - RxRelay (= 6.5.0)
    - RxSwift (= 6.5.0)
  - RxOptional (5.0.2):
    - RxCocoa (~> 6.0)
    - RxSwift (~> 6.0)
  - RxRelay (6.5.0):
    - RxSwift (= 6.5.0)
  - RxSwift (6.5.0)
  - RxViewController (2.0.0):
    - RxCocoa (~> 6.0)
    - RxSwift (~> 6.0)
  - SnapKit (5.6.0)
  - Then (3.0.0)

DEPENDENCIES:
  - Alamofire
  - Atributika
  - CryptoSwift
  - Realm
  - RxCocoa
  - RxOptional
  - RxSwift
  - RxViewController
  - SnapKit
  - Then

SPEC REPOS:
  trunk:
    - Alamofire
    - Atributika
    - CryptoSwift
    - Realm
    - RxCocoa
    - RxOptional
    - RxRelay
    - RxSwift
    - RxViewController
    - SnapKit
    - Then

SPEC CHECKSUMS:
  Alamofire: 0123a34370cb170936ae79a8df46cc62b2edeb88
  Atributika: 47e778507cfb3cd2c996278b0285221a62e97d71
  CryptoSwift: d3d18dc357932f7e6d580689e065cf1f176007c1
  Realm: 67e2bc963e693a787961bd81d0594f2410615d9e
  RxCocoa: 94f817b71c07517321eb4f9ad299112ca8af743b
  RxOptional: 3664964c96b69dd20c9cf78bdfe546615e26eca8
  RxRelay: 1de1523e604c72b6c68feadedd1af3b1b4d0ecbd
  RxSwift: 5710a9e6b17f3c3d6e40d6e559b9fa1e813b2ef8
  RxViewController: 56486fa0afd629a1d6b5ba077f3b8cd9dc31b5d2
  SnapKit: e01d52ebb8ddbc333eefe2132acf85c8227d9c25
  Then: 844265ae87834bbe1147d91d5d41a404da2ec27d

PODFILE CHECKSUM: 7cc5920a85c547aff77ed42bf845c395d250a9b0

COCOAPODS: 1.11.3
