// !$*UTF8*$!
{
	archiveVersion = 1;
	classes = {
	};
	objectVersion = 56;
	objects = {

/* Begin PBXBuildFile section */
		4ADEDEDDAD181064A2FFAA0B /* Pods_SwiftPracticeTests.framework in Frameworks */ = {isa = PBXBuildFile; fileRef = 967C289E16C899ED01F5A41D /* Pods_SwiftPracticeTests.framework */; };
		A242E05C2A0E4DC90010BED8 /* TitleTableViewCell.swift in Sources */ = {isa = PBXBuildFile; fileRef = A242E05B2A0E4DC90010BED8 /* TitleTableViewCell.swift */; };
		A242E05D2A0E4DC90010BED8 /* TitleTableViewCell.swift in Sources */ = {isa = PBXBuildFile; fileRef = A242E05B2A0E4DC90010BED8 /* TitleTableViewCell.swift */; };
		A242E05E2A0E4DC90010BED8 /* TitleTableViewCell.swift in Sources */ = {isa = PBXBuildFile; fileRef = A242E05B2A0E4DC90010BED8 /* TitleTableViewCell.swift */; };
		A242E0642A150A420010BED8 /* ScrollHideViewController.swift in Sources */ = {isa = PBXBuildFile; fileRef = A242E0632A150A420010BED8 /* ScrollHideViewController.swift */; };
		A242E0652A150A420010BED8 /* ScrollHideViewController.swift in Sources */ = {isa = PBXBuildFile; fileRef = A242E0632A150A420010BED8 /* ScrollHideViewController.swift */; };
		A242E0662A150A420010BED8 /* ScrollHideViewController.swift in Sources */ = {isa = PBXBuildFile; fileRef = A242E0632A150A420010BED8 /* ScrollHideViewController.swift */; };
		A242E0692A164D1D0010BED8 /* Extension+UIView.swift in Sources */ = {isa = PBXBuildFile; fileRef = A242E0682A164D1D0010BED8 /* Extension+UIView.swift */; };
		A2C42BC22A0E4125008A5865 /* AppDelegate.swift in Sources */ = {isa = PBXBuildFile; fileRef = A2C42BC12A0E4125008A5865 /* AppDelegate.swift */; };
		A2C42BC42A0E4125008A5865 /* SceneDelegate.swift in Sources */ = {isa = PBXBuildFile; fileRef = A2C42BC32A0E4125008A5865 /* SceneDelegate.swift */; };
		A2C42BC62A0E4125008A5865 /* IndexViewController.swift in Sources */ = {isa = PBXBuildFile; fileRef = A2C42BC52A0E4125008A5865 /* IndexViewController.swift */; };
		A2C42BCB2A0E4126008A5865 /* Assets.xcassets in Resources */ = {isa = PBXBuildFile; fileRef = A2C42BCA2A0E4126008A5865 /* Assets.xcassets */; };
		A2C42BCE2A0E4126008A5865 /* LaunchScreen.storyboard in Resources */ = {isa = PBXBuildFile; fileRef = A2C42BCC2A0E4126008A5865 /* LaunchScreen.storyboard */; };
		A2C42BD92A0E4126008A5865 /* SwtiftPracticeTests.swift in Sources */ = {isa = PBXBuildFile; fileRef = A2C42BD82A0E4126008A5865 /* SwtiftPracticeTests.swift */; };
		A2C42BE32A0E4126008A5865 /* SwtiftPracticeUITests.swift in Sources */ = {isa = PBXBuildFile; fileRef = A2C42BE22A0E4126008A5865 /* SwtiftPracticeUITests.swift */; };
		A2C42BE52A0E4126008A5865 /* SwtiftPracticeUITestsLaunchTests.swift in Sources */ = {isa = PBXBuildFile; fileRef = A2C42BE42A0E4126008A5865 /* SwtiftPracticeUITestsLaunchTests.swift */; };
		A2C42BF42A0E417E008A5865 /* LogHelper.swift in Sources */ = {isa = PBXBuildFile; fileRef = A2C42BF32A0E417E008A5865 /* LogHelper.swift */; };
		A2C42BF52A0E417E008A5865 /* LogHelper.swift in Sources */ = {isa = PBXBuildFile; fileRef = A2C42BF32A0E417E008A5865 /* LogHelper.swift */; };
		A2C42BF62A0E417E008A5865 /* LogHelper.swift in Sources */ = {isa = PBXBuildFile; fileRef = A2C42BF32A0E417E008A5865 /* LogHelper.swift */; };
		A2C42BF92A0E419A008A5865 /* Protocol.swift in Sources */ = {isa = PBXBuildFile; fileRef = A2C42BF82A0E419A008A5865 /* Protocol.swift */; };
		A2C42BFA2A0E419A008A5865 /* Protocol.swift in Sources */ = {isa = PBXBuildFile; fileRef = A2C42BF82A0E419A008A5865 /* Protocol.swift */; };
		A2C42BFB2A0E419A008A5865 /* Protocol.swift in Sources */ = {isa = PBXBuildFile; fileRef = A2C42BF82A0E419A008A5865 /* Protocol.swift */; };
		AC3516772A1742AB00CBD8C8 /* DynamicHeightTableView.swift in Sources */ = {isa = PBXBuildFile; fileRef = AC3516762A1742AB00CBD8C8 /* DynamicHeightTableView.swift */; };
		AC3516782A1742AB00CBD8C8 /* DynamicHeightTableView.swift in Sources */ = {isa = PBXBuildFile; fileRef = AC3516762A1742AB00CBD8C8 /* DynamicHeightTableView.swift */; };
		AC3516792A1742AB00CBD8C8 /* DynamicHeightTableView.swift in Sources */ = {isa = PBXBuildFile; fileRef = AC3516762A1742AB00CBD8C8 /* DynamicHeightTableView.swift */; };
		AC35167B2A174D2A00CBD8C8 /* SwipeToDeleteCellViewController.swift in Sources */ = {isa = PBXBuildFile; fileRef = AC35167A2A174D2A00CBD8C8 /* SwipeToDeleteCellViewController.swift */; };
		AC35167C2A174D2A00CBD8C8 /* SwipeToDeleteCellViewController.swift in Sources */ = {isa = PBXBuildFile; fileRef = AC35167A2A174D2A00CBD8C8 /* SwipeToDeleteCellViewController.swift */; };
		AC35167D2A174D2A00CBD8C8 /* SwipeToDeleteCellViewController.swift in Sources */ = {isa = PBXBuildFile; fileRef = AC35167A2A174D2A00CBD8C8 /* SwipeToDeleteCellViewController.swift */; };
		ACBB158E2A1B0826004B71CF /* AppleLoginViewController.swift in Sources */ = {isa = PBXBuildFile; fileRef = ACBB158D2A1B0826004B71CF /* AppleLoginViewController.swift */; };
		ACBB158F2A1B0826004B71CF /* AppleLoginViewController.swift in Sources */ = {isa = PBXBuildFile; fileRef = ACBB158D2A1B0826004B71CF /* AppleLoginViewController.swift */; };
		ACBB15902A1B0826004B71CF /* AppleLoginViewController.swift in Sources */ = {isa = PBXBuildFile; fileRef = ACBB158D2A1B0826004B71CF /* AppleLoginViewController.swift */; };
		ACBB15922A1B1B52004B71CF /* ExampleViewController.swift in Sources */ = {isa = PBXBuildFile; fileRef = ACBB15912A1B1B52004B71CF /* ExampleViewController.swift */; };
		ACBB15932A1B1B52004B71CF /* ExampleViewController.swift in Sources */ = {isa = PBXBuildFile; fileRef = ACBB15912A1B1B52004B71CF /* ExampleViewController.swift */; };
		ACBB15942A1B1B52004B71CF /* ExampleViewController.swift in Sources */ = {isa = PBXBuildFile; fileRef = ACBB15912A1B1B52004B71CF /* ExampleViewController.swift */; };
		ACBB159C2A1B1F74004B71CF /* AppleLoginViewModel.swift in Sources */ = {isa = PBXBuildFile; fileRef = ACBB159B2A1B1F74004B71CF /* AppleLoginViewModel.swift */; };
		ACBB159D2A1B1F74004B71CF /* AppleLoginViewModel.swift in Sources */ = {isa = PBXBuildFile; fileRef = ACBB159B2A1B1F74004B71CF /* AppleLoginViewModel.swift */; };
		ACBB159E2A1B1F74004B71CF /* AppleLoginViewModel.swift in Sources */ = {isa = PBXBuildFile; fileRef = ACBB159B2A1B1F74004B71CF /* AppleLoginViewModel.swift */; };
		ACBB15A32A1B38E4004B71CF /* User.swift in Sources */ = {isa = PBXBuildFile; fileRef = ACBB15A22A1B38E4004B71CF /* User.swift */; };
		ACBB15A42A1B38E4004B71CF /* User.swift in Sources */ = {isa = PBXBuildFile; fileRef = ACBB15A22A1B38E4004B71CF /* User.swift */; };
		ACBB15A52A1B38E4004B71CF /* User.swift in Sources */ = {isa = PBXBuildFile; fileRef = ACBB15A22A1B38E4004B71CF /* User.swift */; };
		ACBB15A72A1B4D5B004B71CF /* HotspotConfigurationViewController.swift in Sources */ = {isa = PBXBuildFile; fileRef = ACBB15A62A1B4D5B004B71CF /* HotspotConfigurationViewController.swift */; };
		ACBB15A82A1B4D5B004B71CF /* HotspotConfigurationViewController.swift in Sources */ = {isa = PBXBuildFile; fileRef = ACBB15A62A1B4D5B004B71CF /* HotspotConfigurationViewController.swift */; };
		ACBB15A92A1B4D5B004B71CF /* HotspotConfigurationViewController.swift in Sources */ = {isa = PBXBuildFile; fileRef = ACBB15A62A1B4D5B004B71CF /* HotspotConfigurationViewController.swift */; };
		ACBB15AB2A1B51B2004B71CF /* HotspotConfigurationViewModel.swift in Sources */ = {isa = PBXBuildFile; fileRef = ACBB15AA2A1B51B2004B71CF /* HotspotConfigurationViewModel.swift */; };
		ACBB15AC2A1B51B2004B71CF /* HotspotConfigurationViewModel.swift in Sources */ = {isa = PBXBuildFile; fileRef = ACBB15AA2A1B51B2004B71CF /* HotspotConfigurationViewModel.swift */; };
		ACBB15AD2A1B51B2004B71CF /* HotspotConfigurationViewModel.swift in Sources */ = {isa = PBXBuildFile; fileRef = ACBB15AA2A1B51B2004B71CF /* HotspotConfigurationViewModel.swift */; };
		CE9B83F1CCD1C4D80EEADACC /* Pods_SwiftPractice.framework in Frameworks */ = {isa = PBXBuildFile; fileRef = 19A2FC61FF5802D7F942E549 /* Pods_SwiftPractice.framework */; };
		F2E3B58E25E0A371F3EEEAF4 /* Pods_SwiftPractice_SwiftPracticeUITests.framework in Frameworks */ = {isa = PBXBuildFile; fileRef = C8941877ED61A2DCA96CF05B /* Pods_SwiftPractice_SwiftPracticeUITests.framework */; };
/* End PBXBuildFile section */

/* Begin PBXContainerItemProxy section */
		A2C42BD52A0E4126008A5865 /* PBXContainerItemProxy */ = {
			isa = PBXContainerItemProxy;
			containerPortal = A2C42BB62A0E4125008A5865 /* Project object */;
			proxyType = 1;
			remoteGlobalIDString = A2C42BBD2A0E4125008A5865;
			remoteInfo = SwtiftPractice;
		};
		A2C42BDF2A0E4126008A5865 /* PBXContainerItemProxy */ = {
			isa = PBXContainerItemProxy;
			containerPortal = A2C42BB62A0E4125008A5865 /* Project object */;
			proxyType = 1;
			remoteGlobalIDString = A2C42BBD2A0E4125008A5865;
			remoteInfo = SwtiftPractice;
		};
/* End PBXContainerItemProxy section */

/* Begin PBXFileReference section */
		12E42034B91073D4FB5BEED7 /* Pods-SwiftPractice.debug.xcconfig */ = {isa = PBXFileReference; includeInIndex = 1; lastKnownFileType = text.xcconfig; name = "Pods-SwiftPractice.debug.xcconfig"; path = "Target Support Files/Pods-SwiftPractice/Pods-SwiftPractice.debug.xcconfig"; sourceTree = "<group>"; };
		190D3BC251845A7EE83A0EF6 /* Pods-SwiftPractice-SwiftPracticeUITests.debug.xcconfig */ = {isa = PBXFileReference; includeInIndex = 1; lastKnownFileType = text.xcconfig; name = "Pods-SwiftPractice-SwiftPracticeUITests.debug.xcconfig"; path = "Target Support Files/Pods-SwiftPractice-SwiftPracticeUITests/Pods-SwiftPractice-SwiftPracticeUITests.debug.xcconfig"; sourceTree = "<group>"; };
		19A2FC61FF5802D7F942E549 /* Pods_SwiftPractice.framework */ = {isa = PBXFileReference; explicitFileType = wrapper.framework; includeInIndex = 0; path = Pods_SwiftPractice.framework; sourceTree = BUILT_PRODUCTS_DIR; };
		4C2791A76354A267818B971A /* Pods-SwtiftPractice.release.xcconfig */ = {isa = PBXFileReference; includeInIndex = 1; lastKnownFileType = text.xcconfig; name = "Pods-SwtiftPractice.release.xcconfig"; path = "Target Support Files/Pods-SwtiftPractice/Pods-SwtiftPractice.release.xcconfig"; sourceTree = "<group>"; };
		4DB31F74D900DB03C3336A76 /* Pods-SwiftPracticeTests.debug.xcconfig */ = {isa = PBXFileReference; includeInIndex = 1; lastKnownFileType = text.xcconfig; name = "Pods-SwiftPracticeTests.debug.xcconfig"; path = "Target Support Files/Pods-SwiftPracticeTests/Pods-SwiftPracticeTests.debug.xcconfig"; sourceTree = "<group>"; };
		6F2B52BC70588582AA5B5914 /* Pods-SwiftPractice.release.xcconfig */ = {isa = PBXFileReference; includeInIndex = 1; lastKnownFileType = text.xcconfig; name = "Pods-SwiftPractice.release.xcconfig"; path = "Target Support Files/Pods-SwiftPractice/Pods-SwiftPractice.release.xcconfig"; sourceTree = "<group>"; };
		90D0026A4305C5B3B8440A5C /* Pods-SwtiftPractice-SwtiftPracticeUITests.release.xcconfig */ = {isa = PBXFileReference; includeInIndex = 1; lastKnownFileType = text.xcconfig; name = "Pods-SwtiftPractice-SwtiftPracticeUITests.release.xcconfig"; path = "Target Support Files/Pods-SwtiftPractice-SwtiftPracticeUITests/Pods-SwtiftPractice-SwtiftPracticeUITests.release.xcconfig"; sourceTree = "<group>"; };
		933053AE5DFB0F55A1AC9507 /* Pods-SwtiftPractice-SwtiftPracticeUITests.debug.xcconfig */ = {isa = PBXFileReference; includeInIndex = 1; lastKnownFileType = text.xcconfig; name = "Pods-SwtiftPractice-SwtiftPracticeUITests.debug.xcconfig"; path = "Target Support Files/Pods-SwtiftPractice-SwtiftPracticeUITests/Pods-SwtiftPractice-SwtiftPracticeUITests.debug.xcconfig"; sourceTree = "<group>"; };
		967C289E16C899ED01F5A41D /* Pods_SwiftPracticeTests.framework */ = {isa = PBXFileReference; explicitFileType = wrapper.framework; includeInIndex = 0; path = Pods_SwiftPracticeTests.framework; sourceTree = BUILT_PRODUCTS_DIR; };
		A242E05B2A0E4DC90010BED8 /* TitleTableViewCell.swift */ = {isa = PBXFileReference; lastKnownFileType = sourcecode.swift; path = TitleTableViewCell.swift; sourceTree = "<group>"; };
		A242E0632A150A420010BED8 /* ScrollHideViewController.swift */ = {isa = PBXFileReference; lastKnownFileType = sourcecode.swift; path = ScrollHideViewController.swift; sourceTree = "<group>"; };
		A242E0682A164D1D0010BED8 /* Extension+UIView.swift */ = {isa = PBXFileReference; lastKnownFileType = sourcecode.swift; path = "Extension+UIView.swift"; sourceTree = "<group>"; };
		A2C42BBE2A0E4125008A5865 /* SwiftPractice.app */ = {isa = PBXFileReference; explicitFileType = wrapper.application; includeInIndex = 0; path = SwiftPractice.app; sourceTree = BUILT_PRODUCTS_DIR; };
		A2C42BC12A0E4125008A5865 /* AppDelegate.swift */ = {isa = PBXFileReference; lastKnownFileType = sourcecode.swift; path = AppDelegate.swift; sourceTree = "<group>"; };
		A2C42BC32A0E4125008A5865 /* SceneDelegate.swift */ = {isa = PBXFileReference; lastKnownFileType = sourcecode.swift; path = SceneDelegate.swift; sourceTree = "<group>"; };
		A2C42BC52A0E4125008A5865 /* IndexViewController.swift */ = {isa = PBXFileReference; lastKnownFileType = sourcecode.swift; path = IndexViewController.swift; sourceTree = "<group>"; };
		A2C42BCA2A0E4126008A5865 /* Assets.xcassets */ = {isa = PBXFileReference; lastKnownFileType = folder.assetcatalog; path = Assets.xcassets; sourceTree = "<group>"; };
		A2C42BCD2A0E4126008A5865 /* Base */ = {isa = PBXFileReference; lastKnownFileType = file.storyboard; name = Base; path = Base.lproj/LaunchScreen.storyboard; sourceTree = "<group>"; };
		A2C42BCF2A0E4126008A5865 /* Info.plist */ = {isa = PBXFileReference; lastKnownFileType = text.plist.xml; path = Info.plist; sourceTree = "<group>"; };
		A2C42BD42A0E4126008A5865 /* SwiftPracticeTests.xctest */ = {isa = PBXFileReference; explicitFileType = wrapper.cfbundle; includeInIndex = 0; path = SwiftPracticeTests.xctest; sourceTree = BUILT_PRODUCTS_DIR; };
		A2C42BD82A0E4126008A5865 /* SwtiftPracticeTests.swift */ = {isa = PBXFileReference; lastKnownFileType = sourcecode.swift; path = SwtiftPracticeTests.swift; sourceTree = "<group>"; };
		A2C42BDE2A0E4126008A5865 /* SwiftPracticeUITests.xctest */ = {isa = PBXFileReference; explicitFileType = wrapper.cfbundle; includeInIndex = 0; path = SwiftPracticeUITests.xctest; sourceTree = BUILT_PRODUCTS_DIR; };
		A2C42BE22A0E4126008A5865 /* SwtiftPracticeUITests.swift */ = {isa = PBXFileReference; lastKnownFileType = sourcecode.swift; path = SwtiftPracticeUITests.swift; sourceTree = "<group>"; };
		A2C42BE42A0E4126008A5865 /* SwtiftPracticeUITestsLaunchTests.swift */ = {isa = PBXFileReference; lastKnownFileType = sourcecode.swift; path = SwtiftPracticeUITestsLaunchTests.swift; sourceTree = "<group>"; };
		A2C42BF32A0E417E008A5865 /* LogHelper.swift */ = {isa = PBXFileReference; lastKnownFileType = sourcecode.swift; path = LogHelper.swift; sourceTree = "<group>"; };
		A2C42BF82A0E419A008A5865 /* Protocol.swift */ = {isa = PBXFileReference; lastKnownFileType = sourcecode.swift; path = Protocol.swift; sourceTree = "<group>"; };
		AC3516762A1742AB00CBD8C8 /* DynamicHeightTableView.swift */ = {isa = PBXFileReference; lastKnownFileType = sourcecode.swift; path = DynamicHeightTableView.swift; sourceTree = "<group>"; };
		AC35167A2A174D2A00CBD8C8 /* SwipeToDeleteCellViewController.swift */ = {isa = PBXFileReference; lastKnownFileType = sourcecode.swift; path = SwipeToDeleteCellViewController.swift; sourceTree = "<group>"; };
		ACBB158D2A1B0826004B71CF /* AppleLoginViewController.swift */ = {isa = PBXFileReference; lastKnownFileType = sourcecode.swift; path = AppleLoginViewController.swift; sourceTree = "<group>"; };
		ACBB15912A1B1B52004B71CF /* ExampleViewController.swift */ = {isa = PBXFileReference; lastKnownFileType = sourcecode.swift; path = ExampleViewController.swift; sourceTree = "<group>"; };
		ACBB15952A1B1BD8004B71CF /* SwiftPractice.entitlements */ = {isa = PBXFileReference; lastKnownFileType = text.plist.entitlements; path = SwiftPractice.entitlements; sourceTree = "<group>"; };
		ACBB159B2A1B1F74004B71CF /* AppleLoginViewModel.swift */ = {isa = PBXFileReference; lastKnownFileType = sourcecode.swift; path = AppleLoginViewModel.swift; sourceTree = "<group>"; };
		ACBB15A22A1B38E4004B71CF /* User.swift */ = {isa = PBXFileReference; lastKnownFileType = sourcecode.swift; path = User.swift; sourceTree = "<group>"; };
		ACBB15A62A1B4D5B004B71CF /* HotspotConfigurationViewController.swift */ = {isa = PBXFileReference; lastKnownFileType = sourcecode.swift; path = HotspotConfigurationViewController.swift; sourceTree = "<group>"; };
		ACBB15AA2A1B51B2004B71CF /* HotspotConfigurationViewModel.swift */ = {isa = PBXFileReference; lastKnownFileType = sourcecode.swift; path = HotspotConfigurationViewModel.swift; sourceTree = "<group>"; };
		B360F4BEA1C50EFC55D049B3 /* Pods-SwtiftPracticeTests.release.xcconfig */ = {isa = PBXFileReference; includeInIndex = 1; lastKnownFileType = text.xcconfig; name = "Pods-SwtiftPracticeTests.release.xcconfig"; path = "Target Support Files/Pods-SwtiftPracticeTests/Pods-SwtiftPracticeTests.release.xcconfig"; sourceTree = "<group>"; };
		C8941877ED61A2DCA96CF05B /* Pods_SwiftPractice_SwiftPracticeUITests.framework */ = {isa = PBXFileReference; explicitFileType = wrapper.framework; includeInIndex = 0; path = Pods_SwiftPractice_SwiftPracticeUITests.framework; sourceTree = BUILT_PRODUCTS_DIR; };
		C8F2300E6B20396C61696271 /* Pods-SwiftPracticeTests.release.xcconfig */ = {isa = PBXFileReference; includeInIndex = 1; lastKnownFileType = text.xcconfig; name = "Pods-SwiftPracticeTests.release.xcconfig"; path = "Target Support Files/Pods-SwiftPracticeTests/Pods-SwiftPracticeTests.release.xcconfig"; sourceTree = "<group>"; };
		EC4D04474C8F6C9E7609191B /* Pods-SwiftPractice-SwiftPracticeUITests.release.xcconfig */ = {isa = PBXFileReference; includeInIndex = 1; lastKnownFileType = text.xcconfig; name = "Pods-SwiftPractice-SwiftPracticeUITests.release.xcconfig"; path = "Target Support Files/Pods-SwiftPractice-SwiftPracticeUITests/Pods-SwiftPractice-SwiftPracticeUITests.release.xcconfig"; sourceTree = "<group>"; };
		FAF05386A67B1353E4B2FAB5 /* Pods-SwtiftPracticeTests.debug.xcconfig */ = {isa = PBXFileReference; includeInIndex = 1; lastKnownFileType = text.xcconfig; name = "Pods-SwtiftPracticeTests.debug.xcconfig"; path = "Target Support Files/Pods-SwtiftPracticeTests/Pods-SwtiftPracticeTests.debug.xcconfig"; sourceTree = "<group>"; };
		FF3ED99077C783FE521C524F /* Pods-SwtiftPractice.debug.xcconfig */ = {isa = PBXFileReference; includeInIndex = 1; lastKnownFileType = text.xcconfig; name = "Pods-SwtiftPractice.debug.xcconfig"; path = "Target Support Files/Pods-SwtiftPractice/Pods-SwtiftPractice.debug.xcconfig"; sourceTree = "<group>"; };
/* End PBXFileReference section */

/* Begin PBXFrameworksBuildPhase section */
		A2C42BBB2A0E4125008A5865 /* Frameworks */ = {
			isa = PBXFrameworksBuildPhase;
			buildActionMask = 2147483647;
			files = (
				CE9B83F1CCD1C4D80EEADACC /* Pods_SwiftPractice.framework in Frameworks */,
			);
			runOnlyForDeploymentPostprocessing = 0;
		};
		A2C42BD12A0E4126008A5865 /* Frameworks */ = {
			isa = PBXFrameworksBuildPhase;
			buildActionMask = 2147483647;
			files = (
				4ADEDEDDAD181064A2FFAA0B /* Pods_SwiftPracticeTests.framework in Frameworks */,
			);
			runOnlyForDeploymentPostprocessing = 0;
		};
		A2C42BDB2A0E4126008A5865 /* Frameworks */ = {
			isa = PBXFrameworksBuildPhase;
			buildActionMask = 2147483647;
			files = (
				F2E3B58E25E0A371F3EEEAF4 /* Pods_SwiftPractice_SwiftPracticeUITests.framework in Frameworks */,
			);
			runOnlyForDeploymentPostprocessing = 0;
		};
/* End PBXFrameworksBuildPhase section */

/* Begin PBXGroup section */
		2808F7124486EF58C83685AC /* Frameworks */ = {
			isa = PBXGroup;
			children = (
				19A2FC61FF5802D7F942E549 /* Pods_SwiftPractice.framework */,
				C8941877ED61A2DCA96CF05B /* Pods_SwiftPractice_SwiftPracticeUITests.framework */,
				967C289E16C899ED01F5A41D /* Pods_SwiftPracticeTests.framework */,
			);
			name = Frameworks;
			sourceTree = "<group>";
		};
		A242E05A2A0E4D980010BED8 /* TableViewCell */ = {
			isa = PBXGroup;
			children = (
				A242E05B2A0E4DC90010BED8 /* TitleTableViewCell.swift */,
			);
			path = TableViewCell;
			sourceTree = "<group>";
		};
		A242E05F2A1509620010BED8 /* AppDelegate */ = {
			isa = PBXGroup;
			children = (
				A2C42BC12A0E4125008A5865 /* AppDelegate.swift */,
				A2C42BC32A0E4125008A5865 /* SceneDelegate.swift */,
			);
			path = AppDelegate;
			sourceTree = "<group>";
		};
		A242E0602A15096E0010BED8 /* View */ = {
			isa = PBXGroup;
			children = (
				ACBB15912A1B1B52004B71CF /* ExampleViewController.swift */,
				ACBB15892A1AED48004B71CF /* Index */,
				ACBB158A2A1AED52004B71CF /* UIScrollView */,
				ACBB158B2A1AED5F004B71CF /* UITableView */,
				ACBB158C2A1B0812004B71CF /* Signing & Capabilities */,
			);
			path = View;
			sourceTree = "<group>";
		};
		A242E0612A15097C0010BED8 /* Resources */ = {
			isa = PBXGroup;
			children = (
				A2C42BCA2A0E4126008A5865 /* Assets.xcassets */,
			);
			path = Resources;
			sourceTree = "<group>";
		};
		A242E0622A15098B0010BED8 /* StoryBoards */ = {
			isa = PBXGroup;
			children = (
				A2C42BCC2A0E4126008A5865 /* LaunchScreen.storyboard */,
			);
			path = StoryBoards;
			sourceTree = "<group>";
		};
		A242E0672A164D120010BED8 /* Extension */ = {
			isa = PBXGroup;
			children = (
				A242E0682A164D1D0010BED8 /* Extension+UIView.swift */,
			);
			path = Extension;
			sourceTree = "<group>";
		};
		A2C42BB52A0E4125008A5865 = {
			isa = PBXGroup;
			children = (
				A2C42BC02A0E4125008A5865 /* SwiftPractice */,
				A2C42BD72A0E4126008A5865 /* SwiftPracticeTests */,
				A2C42BE12A0E4126008A5865 /* SwiftPracticeUITests */,
				A2C42BBF2A0E4125008A5865 /* Products */,
				ED1306D823968CC1DA11EA83 /* Pods */,
				2808F7124486EF58C83685AC /* Frameworks */,
			);
			sourceTree = "<group>";
		};
		A2C42BBF2A0E4125008A5865 /* Products */ = {
			isa = PBXGroup;
			children = (
				A2C42BBE2A0E4125008A5865 /* SwiftPractice.app */,
				A2C42BD42A0E4126008A5865 /* SwiftPracticeTests.xctest */,
				A2C42BDE2A0E4126008A5865 /* SwiftPracticeUITests.xctest */,
			);
			name = Products;
			sourceTree = "<group>";
		};
		A2C42BC02A0E4125008A5865 /* SwiftPractice */ = {
			isa = PBXGroup;
			children = (
				ACBB15952A1B1BD8004B71CF /* SwiftPractice.entitlements */,
				A2C42BCF2A0E4126008A5865 /* Info.plist */,
				A242E05F2A1509620010BED8 /* AppDelegate */,
				A242E05A2A0E4D980010BED8 /* TableViewCell */,
				A2C42BF72A0E4194008A5865 /* Protocol */,
				A242E0672A164D120010BED8 /* Extension */,
				A2C42BF12A0E415C008A5865 /* Helper */,
				A242E0602A15096E0010BED8 /* View */,
				ACBB159A2A1B1F66004B71CF /* ViewModel */,
				ACBB15A12A1B38DB004B71CF /* Model */,
				A242E0612A15097C0010BED8 /* Resources */,
				A242E0622A15098B0010BED8 /* StoryBoards */,
			);
			path = SwiftPractice;
			sourceTree = "<group>";
		};
		A2C42BD72A0E4126008A5865 /* SwiftPracticeTests */ = {
			isa = PBXGroup;
			children = (
				A2C42BD82A0E4126008A5865 /* SwtiftPracticeTests.swift */,
			);
			path = SwiftPracticeTests;
			sourceTree = "<group>";
		};
		A2C42BE12A0E4126008A5865 /* SwiftPracticeUITests */ = {
			isa = PBXGroup;
			children = (
				A2C42BE22A0E4126008A5865 /* SwtiftPracticeUITests.swift */,
				A2C42BE42A0E4126008A5865 /* SwtiftPracticeUITestsLaunchTests.swift */,
			);
			path = SwiftPracticeUITests;
			sourceTree = "<group>";
		};
		A2C42BF12A0E415C008A5865 /* Helper */ = {
			isa = PBXGroup;
			children = (
				AC3516752A17429F00CBD8C8 /* CustomView */,
				A2C42BF22A0E4162008A5865 /* Log */,
			);
			path = Helper;
			sourceTree = "<group>";
		};
		A2C42BF22A0E4162008A5865 /* Log */ = {
			isa = PBXGroup;
			children = (
				A2C42BF32A0E417E008A5865 /* LogHelper.swift */,
			);
			path = Log;
			sourceTree = "<group>";
		};
		A2C42BF72A0E4194008A5865 /* Protocol */ = {
			isa = PBXGroup;
			children = (
				A2C42BF82A0E419A008A5865 /* Protocol.swift */,
			);
			path = Protocol;
			sourceTree = "<group>";
		};
		AC3516752A17429F00CBD8C8 /* CustomView */ = {
			isa = PBXGroup;
			children = (
				AC3516762A1742AB00CBD8C8 /* DynamicHeightTableView.swift */,
			);
			path = CustomView;
			sourceTree = "<group>";
		};
		ACBB15892A1AED48004B71CF /* Index */ = {
			isa = PBXGroup;
			children = (
				A2C42BC52A0E4125008A5865 /* IndexViewController.swift */,
			);
			path = Index;
			sourceTree = "<group>";
		};
		ACBB158A2A1AED52004B71CF /* UIScrollView */ = {
			isa = PBXGroup;
			children = (
				A242E0632A150A420010BED8 /* ScrollHideViewController.swift */,
			);
			path = UIScrollView;
			sourceTree = "<group>";
		};
		ACBB158B2A1AED5F004B71CF /* UITableView */ = {
			isa = PBXGroup;
			children = (
				AC35167A2A174D2A00CBD8C8 /* SwipeToDeleteCellViewController.swift */,
			);
			path = UITableView;
			sourceTree = "<group>";
		};
		ACBB158C2A1B0812004B71CF /* Signing & Capabilities */ = {
			isa = PBXGroup;
			children = (
				ACBB158D2A1B0826004B71CF /* AppleLoginViewController.swift */,
				ACBB15A62A1B4D5B004B71CF /* HotspotConfigurationViewController.swift */,
			);
			path = "Signing & Capabilities";
			sourceTree = "<group>";
		};
		ACBB159A2A1B1F66004B71CF /* ViewModel */ = {
			isa = PBXGroup;
			children = (
				ACBB15A02A1B30E9004B71CF /* Signing & Capabilities */,
			);
			path = ViewModel;
			sourceTree = "<group>";
		};
		ACBB15A02A1B30E9004B71CF /* Signing & Capabilities */ = {
			isa = PBXGroup;
			children = (
				ACBB159B2A1B1F74004B71CF /* AppleLoginViewModel.swift */,
				ACBB15AA2A1B51B2004B71CF /* HotspotConfigurationViewModel.swift */,
			);
			path = "Signing & Capabilities";
			sourceTree = "<group>";
		};
		ACBB15A12A1B38DB004B71CF /* Model */ = {
			isa = PBXGroup;
			children = (
				ACBB15A22A1B38E4004B71CF /* User.swift */,
			);
			path = Model;
			sourceTree = "<group>";
		};
		ED1306D823968CC1DA11EA83 /* Pods */ = {
			isa = PBXGroup;
			children = (
				FF3ED99077C783FE521C524F /* Pods-SwtiftPractice.debug.xcconfig */,
				4C2791A76354A267818B971A /* Pods-SwtiftPractice.release.xcconfig */,
				933053AE5DFB0F55A1AC9507 /* Pods-SwtiftPractice-SwtiftPracticeUITests.debug.xcconfig */,
				90D0026A4305C5B3B8440A5C /* Pods-SwtiftPractice-SwtiftPracticeUITests.release.xcconfig */,
				FAF05386A67B1353E4B2FAB5 /* Pods-SwtiftPracticeTests.debug.xcconfig */,
				B360F4BEA1C50EFC55D049B3 /* Pods-SwtiftPracticeTests.release.xcconfig */,
				12E42034B91073D4FB5BEED7 /* Pods-SwiftPractice.debug.xcconfig */,
				6F2B52BC70588582AA5B5914 /* Pods-SwiftPractice.release.xcconfig */,
				190D3BC251845A7EE83A0EF6 /* Pods-SwiftPractice-SwiftPracticeUITests.debug.xcconfig */,
				EC4D04474C8F6C9E7609191B /* Pods-SwiftPractice-SwiftPracticeUITests.release.xcconfig */,
				4DB31F74D900DB03C3336A76 /* Pods-SwiftPracticeTests.debug.xcconfig */,
				C8F2300E6B20396C61696271 /* Pods-SwiftPracticeTests.release.xcconfig */,
			);
			path = Pods;
			sourceTree = "<group>";
		};
/* End PBXGroup section */

/* Begin PBXNativeTarget section */
		A2C42BBD2A0E4125008A5865 /* SwiftPractice */ = {
			isa = PBXNativeTarget;
			buildConfigurationList = A2C42BE82A0E4126008A5865 /* Build configuration list for PBXNativeTarget "SwiftPractice" */;
			buildPhases = (
				310A43E64DBBAB01F5C73241 /* [CP] Check Pods Manifest.lock */,
				A2C42BBA2A0E4125008A5865 /* Sources */,
				A2C42BBB2A0E4125008A5865 /* Frameworks */,
				A2C42BBC2A0E4125008A5865 /* Resources */,
				82DFACE1042938A080EFB093 /* [CP] Embed Pods Frameworks */,
			);
			buildRules = (
			);
			dependencies = (
			);
			name = SwiftPractice;
			productName = SwtiftPractice;
			productReference = A2C42BBE2A0E4125008A5865 /* SwiftPractice.app */;
			productType = "com.apple.product-type.application";
		};
		A2C42BD32A0E4126008A5865 /* SwiftPracticeTests */ = {
			isa = PBXNativeTarget;
			buildConfigurationList = A2C42BEB2A0E4126008A5865 /* Build configuration list for PBXNativeTarget "SwiftPracticeTests" */;
			buildPhases = (
				8A86184873E85D1F0E062A07 /* [CP] Check Pods Manifest.lock */,
				A2C42BD02A0E4126008A5865 /* Sources */,
				A2C42BD12A0E4126008A5865 /* Frameworks */,
				A2C42BD22A0E4126008A5865 /* Resources */,
			);
			buildRules = (
			);
			dependencies = (
				A2C42BD62A0E4126008A5865 /* PBXTargetDependency */,
			);
			name = SwiftPracticeTests;
			productName = SwtiftPracticeTests;
			productReference = A2C42BD42A0E4126008A5865 /* SwiftPracticeTests.xctest */;
			productType = "com.apple.product-type.bundle.unit-test";
		};
		A2C42BDD2A0E4126008A5865 /* SwiftPracticeUITests */ = {
			isa = PBXNativeTarget;
			buildConfigurationList = A2C42BEE2A0E4126008A5865 /* Build configuration list for PBXNativeTarget "SwiftPracticeUITests" */;
			buildPhases = (
				53C03837B3D9A5813C51E191 /* [CP] Check Pods Manifest.lock */,
				A2C42BDA2A0E4126008A5865 /* Sources */,
				A2C42BDB2A0E4126008A5865 /* Frameworks */,
				A2C42BDC2A0E4126008A5865 /* Resources */,
				872059CE1FD657657B140148 /* [CP] Embed Pods Frameworks */,
			);
			buildRules = (
			);
			dependencies = (
				A2C42BE02A0E4126008A5865 /* PBXTargetDependency */,
			);
			name = SwiftPracticeUITests;
			productName = SwtiftPracticeUITests;
			productReference = A2C42BDE2A0E4126008A5865 /* SwiftPracticeUITests.xctest */;
			productType = "com.apple.product-type.bundle.ui-testing";
		};
/* End PBXNativeTarget section */

/* Begin PBXProject section */
		A2C42BB62A0E4125008A5865 /* Project object */ = {
			isa = PBXProject;
			attributes = {
				BuildIndependentTargetsInParallel = 1;
				LastSwiftUpdateCheck = 1420;
				LastUpgradeCheck = 1420;
				TargetAttributes = {
					A2C42BBD2A0E4125008A5865 = {
						CreatedOnToolsVersion = 14.2;
					};
					A2C42BD32A0E4126008A5865 = {
						CreatedOnToolsVersion = 14.2;
						TestTargetID = A2C42BBD2A0E4125008A5865;
					};
					A2C42BDD2A0E4126008A5865 = {
						CreatedOnToolsVersion = 14.2;
						TestTargetID = A2C42BBD2A0E4125008A5865;
					};
				};
			};
			buildConfigurationList = A2C42BB92A0E4125008A5865 /* Build configuration list for PBXProject "SwiftPractice" */;
			compatibilityVersion = "Xcode 14.0";
			developmentRegion = en;
			hasScannedForEncodings = 0;
			knownRegions = (
				en,
				Base,
			);
			mainGroup = A2C42BB52A0E4125008A5865;
			productRefGroup = A2C42BBF2A0E4125008A5865 /* Products */;
			projectDirPath = "";
			projectRoot = "";
			targets = (
				A2C42BBD2A0E4125008A5865 /* SwiftPractice */,
				A2C42BD32A0E4126008A5865 /* SwiftPracticeTests */,
				A2C42BDD2A0E4126008A5865 /* SwiftPracticeUITests */,
			);
		};
/* End PBXProject section */

/* Begin PBXResourcesBuildPhase section */
		A2C42BBC2A0E4125008A5865 /* Resources */ = {
			isa = PBXResourcesBuildPhase;
			buildActionMask = 2147483647;
			files = (
				A2C42BCE2A0E4126008A5865 /* LaunchScreen.storyboard in Resources */,
				A2C42BCB2A0E4126008A5865 /* Assets.xcassets in Resources */,
			);
			runOnlyForDeploymentPostprocessing = 0;
		};
		A2C42BD22A0E4126008A5865 /* Resources */ = {
			isa = PBXResourcesBuildPhase;
			buildActionMask = 2147483647;
			files = (
			);
			runOnlyForDeploymentPostprocessing = 0;
		};
		A2C42BDC2A0E4126008A5865 /* Resources */ = {
			isa = PBXResourcesBuildPhase;
			buildActionMask = 2147483647;
			files = (
			);
			runOnlyForDeploymentPostprocessing = 0;
		};
/* End PBXResourcesBuildPhase section */

/* Begin PBXShellScriptBuildPhase section */
		310A43E64DBBAB01F5C73241 /* [CP] Check Pods Manifest.lock */ = {
			isa = PBXShellScriptBuildPhase;
			buildActionMask = 2147483647;
			files = (
			);
			inputFileListPaths = (
			);
			inputPaths = (
				"${PODS_PODFILE_DIR_PATH}/Podfile.lock",
				"${PODS_ROOT}/Manifest.lock",
			);
			name = "[CP] Check Pods Manifest.lock";
			outputFileListPaths = (
			);
			outputPaths = (
				"$(DERIVED_FILE_DIR)/Pods-SwiftPractice-checkManifestLockResult.txt",
			);
			runOnlyForDeploymentPostprocessing = 0;
			shellPath = /bin/sh;
			shellScript = "diff \"${PODS_PODFILE_DIR_PATH}/Podfile.lock\" \"${PODS_ROOT}/Manifest.lock\" > /dev/null\nif [ $? != 0 ] ; then\n    # print error to STDERR\n    echo \"error: The sandbox is not in sync with the Podfile.lock. Run 'pod install' or update your CocoaPods installation.\" >&2\n    exit 1\nfi\n# This output is used by Xcode 'outputs' to avoid re-running this script phase.\necho \"SUCCESS\" > \"${SCRIPT_OUTPUT_FILE_0}\"\n";
			showEnvVarsInLog = 0;
		};
		53C03837B3D9A5813C51E191 /* [CP] Check Pods Manifest.lock */ = {
			isa = PBXShellScriptBuildPhase;
			buildActionMask = 2147483647;
			files = (
			);
			inputFileListPaths = (
			);
			inputPaths = (
				"${PODS_PODFILE_DIR_PATH}/Podfile.lock",
				"${PODS_ROOT}/Manifest.lock",
			);
			name = "[CP] Check Pods Manifest.lock";
			outputFileListPaths = (
			);
			outputPaths = (
				"$(DERIVED_FILE_DIR)/Pods-SwiftPractice-SwiftPracticeUITests-checkManifestLockResult.txt",
			);
			runOnlyForDeploymentPostprocessing = 0;
			shellPath = /bin/sh;
			shellScript = "diff \"${PODS_PODFILE_DIR_PATH}/Podfile.lock\" \"${PODS_ROOT}/Manifest.lock\" > /dev/null\nif [ $? != 0 ] ; then\n    # print error to STDERR\n    echo \"error: The sandbox is not in sync with the Podfile.lock. Run 'pod install' or update your CocoaPods installation.\" >&2\n    exit 1\nfi\n# This output is used by Xcode 'outputs' to avoid re-running this script phase.\necho \"SUCCESS\" > \"${SCRIPT_OUTPUT_FILE_0}\"\n";
			showEnvVarsInLog = 0;
		};
		82DFACE1042938A080EFB093 /* [CP] Embed Pods Frameworks */ = {
			isa = PBXShellScriptBuildPhase;
			buildActionMask = 2147483647;
			files = (
			);
			inputFileListPaths = (
				"${PODS_ROOT}/Target Support Files/Pods-SwiftPractice/Pods-SwiftPractice-frameworks-${CONFIGURATION}-input-files.xcfilelist",
			);
			name = "[CP] Embed Pods Frameworks";
			outputFileListPaths = (
				"${PODS_ROOT}/Target Support Files/Pods-SwiftPractice/Pods-SwiftPractice-frameworks-${CONFIGURATION}-output-files.xcfilelist",
			);
			runOnlyForDeploymentPostprocessing = 0;
			shellPath = /bin/sh;
			shellScript = "\"${PODS_ROOT}/Target Support Files/Pods-SwiftPractice/Pods-SwiftPractice-frameworks.sh\"\n";
			showEnvVarsInLog = 0;
		};
		872059CE1FD657657B140148 /* [CP] Embed Pods Frameworks */ = {
			isa = PBXShellScriptBuildPhase;
			buildActionMask = 2147483647;
			files = (
			);
			inputFileListPaths = (
				"${PODS_ROOT}/Target Support Files/Pods-SwiftPractice-SwiftPracticeUITests/Pods-SwiftPractice-SwiftPracticeUITests-frameworks-${CONFIGURATION}-input-files.xcfilelist",
			);
			name = "[CP] Embed Pods Frameworks";
			outputFileListPaths = (
				"${PODS_ROOT}/Target Support Files/Pods-SwiftPractice-SwiftPracticeUITests/Pods-SwiftPractice-SwiftPracticeUITests-frameworks-${CONFIGURATION}-output-files.xcfilelist",
			);
			runOnlyForDeploymentPostprocessing = 0;
			shellPath = /bin/sh;
			shellScript = "\"${PODS_ROOT}/Target Support Files/Pods-SwiftPractice-SwiftPracticeUITests/Pods-SwiftPractice-SwiftPracticeUITests-frameworks.sh\"\n";
			showEnvVarsInLog = 0;
		};
		8A86184873E85D1F0E062A07 /* [CP] Check Pods Manifest.lock */ = {
			isa = PBXShellScriptBuildPhase;
			buildActionMask = 2147483647;
			files = (
			);
			inputFileListPaths = (
			);
			inputPaths = (
				"${PODS_PODFILE_DIR_PATH}/Podfile.lock",
				"${PODS_ROOT}/Manifest.lock",
			);
			name = "[CP] Check Pods Manifest.lock";
			outputFileListPaths = (
			);
			outputPaths = (
				"$(DERIVED_FILE_DIR)/Pods-SwiftPracticeTests-checkManifestLockResult.txt",
			);
			runOnlyForDeploymentPostprocessing = 0;
			shellPath = /bin/sh;
			shellScript = "diff \"${PODS_PODFILE_DIR_PATH}/Podfile.lock\" \"${PODS_ROOT}/Manifest.lock\" > /dev/null\nif [ $? != 0 ] ; then\n    # print error to STDERR\n    echo \"error: The sandbox is not in sync with the Podfile.lock. Run 'pod install' or update your CocoaPods installation.\" >&2\n    exit 1\nfi\n# This output is used by Xcode 'outputs' to avoid re-running this script phase.\necho \"SUCCESS\" > \"${SCRIPT_OUTPUT_FILE_0}\"\n";
			showEnvVarsInLog = 0;
		};
/* End PBXShellScriptBuildPhase section */

/* Begin PBXSourcesBuildPhase section */
		A2C42BBA2A0E4125008A5865 /* Sources */ = {
			isa = PBXSourcesBuildPhase;
			buildActionMask = 2147483647;
			files = (
				A2C42BF42A0E417E008A5865 /* LogHelper.swift in Sources */,
				A2C42BC62A0E4125008A5865 /* IndexViewController.swift in Sources */,
				A242E0692A164D1D0010BED8 /* Extension+UIView.swift in Sources */,
				A242E05C2A0E4DC90010BED8 /* TitleTableViewCell.swift in Sources */,
				A2C42BC22A0E4125008A5865 /* AppDelegate.swift in Sources */,
				ACBB15922A1B1B52004B71CF /* ExampleViewController.swift in Sources */,
				ACBB15A32A1B38E4004B71CF /* User.swift in Sources */,
				AC35167B2A174D2A00CBD8C8 /* SwipeToDeleteCellViewController.swift in Sources */,
				A242E0642A150A420010BED8 /* ScrollHideViewController.swift in Sources */,
				AC3516772A1742AB00CBD8C8 /* DynamicHeightTableView.swift in Sources */,
				ACBB158E2A1B0826004B71CF /* AppleLoginViewController.swift in Sources */,
				ACBB15AB2A1B51B2004B71CF /* HotspotConfigurationViewModel.swift in Sources */,
				A2C42BC42A0E4125008A5865 /* SceneDelegate.swift in Sources */,
				ACBB15A72A1B4D5B004B71CF /* HotspotConfigurationViewController.swift in Sources */,
				A2C42BF92A0E419A008A5865 /* Protocol.swift in Sources */,
				ACBB159C2A1B1F74004B71CF /* AppleLoginViewModel.swift in Sources */,
			);
			runOnlyForDeploymentPostprocessing = 0;
		};
		A2C42BD02A0E4126008A5865 /* Sources */ = {
			isa = PBXSourcesBuildPhase;
			buildActionMask = 2147483647;
			files = (
				AC35167C2A174D2A00CBD8C8 /* SwipeToDeleteCellViewController.swift in Sources */,
				AC3516782A1742AB00CBD8C8 /* DynamicHeightTableView.swift in Sources */,
				A2C42BF52A0E417E008A5865 /* LogHelper.swift in Sources */,
				ACBB15A82A1B4D5B004B71CF /* HotspotConfigurationViewController.swift in Sources */,
				A2C42BD92A0E4126008A5865 /* SwtiftPracticeTests.swift in Sources */,
				A242E05D2A0E4DC90010BED8 /* TitleTableViewCell.swift in Sources */,
				ACBB15AC2A1B51B2004B71CF /* HotspotConfigurationViewModel.swift in Sources */,
				A242E0652A150A420010BED8 /* ScrollHideViewController.swift in Sources */,
				ACBB158F2A1B0826004B71CF /* AppleLoginViewController.swift in Sources */,
				A2C42BFA2A0E419A008A5865 /* Protocol.swift in Sources */,
				ACBB15932A1B1B52004B71CF /* ExampleViewController.swift in Sources */,
				ACBB159D2A1B1F74004B71CF /* AppleLoginViewModel.swift in Sources */,
				ACBB15A42A1B38E4004B71CF /* User.swift in Sources */,
			);
			runOnlyForDeploymentPostprocessing = 0;
		};
		A2C42BDA2A0E4126008A5865 /* Sources */ = {
			isa = PBXSourcesBuildPhase;
			buildActionMask = 2147483647;
			files = (
				ACBB15A92A1B4D5B004B71CF /* HotspotConfigurationViewController.swift in Sources */,
				A242E0662A150A420010BED8 /* ScrollHideViewController.swift in Sources */,
				ACBB15902A1B0826004B71CF /* AppleLoginViewController.swift in Sources */,
				ACBB15AD2A1B51B2004B71CF /* HotspotConfigurationViewModel.swift in Sources */,
				AC35167D2A174D2A00CBD8C8 /* SwipeToDeleteCellViewController.swift in Sources */,
				A2C42BE52A0E4126008A5865 /* SwtiftPracticeUITestsLaunchTests.swift in Sources */,
				ACBB159E2A1B1F74004B71CF /* AppleLoginViewModel.swift in Sources */,
				AC3516792A1742AB00CBD8C8 /* DynamicHeightTableView.swift in Sources */,
				A242E05E2A0E4DC90010BED8 /* TitleTableViewCell.swift in Sources */,
				A2C42BF62A0E417E008A5865 /* LogHelper.swift in Sources */,
				ACBB15A52A1B38E4004B71CF /* User.swift in Sources */,
				A2C42BE32A0E4126008A5865 /* SwtiftPracticeUITests.swift in Sources */,
				A2C42BFB2A0E419A008A5865 /* Protocol.swift in Sources */,
				ACBB15942A1B1B52004B71CF /* ExampleViewController.swift in Sources */,
			);
			runOnlyForDeploymentPostprocessing = 0;
		};
/* End PBXSourcesBuildPhase section */

/* Begin PBXTargetDependency section */
		A2C42BD62A0E4126008A5865 /* PBXTargetDependency */ = {
			isa = PBXTargetDependency;
			target = A2C42BBD2A0E4125008A5865 /* SwiftPractice */;
			targetProxy = A2C42BD52A0E4126008A5865 /* PBXContainerItemProxy */;
		};
		A2C42BE02A0E4126008A5865 /* PBXTargetDependency */ = {
			isa = PBXTargetDependency;
			target = A2C42BBD2A0E4125008A5865 /* SwiftPractice */;
			targetProxy = A2C42BDF2A0E4126008A5865 /* PBXContainerItemProxy */;
		};
/* End PBXTargetDependency section */

/* Begin PBXVariantGroup section */
		A2C42BCC2A0E4126008A5865 /* LaunchScreen.storyboard */ = {
			isa = PBXVariantGroup;
			children = (
				A2C42BCD2A0E4126008A5865 /* Base */,
			);
			name = LaunchScreen.storyboard;
			sourceTree = "<group>";
		};
/* End PBXVariantGroup section */

/* Begin XCBuildConfiguration section */
		A2C42BE62A0E4126008A5865 /* Debug */ = {
			isa = XCBuildConfiguration;
			buildSettings = {
				ALWAYS_SEARCH_USER_PATHS = NO;
				CLANG_ANALYZER_NONNULL = YES;
				CLANG_ANALYZER_NUMBER_OBJECT_CONVERSION = YES_AGGRESSIVE;
				CLANG_CXX_LANGUAGE_STANDARD = "gnu++20";
				CLANG_ENABLE_MODULES = YES;
				CLANG_ENABLE_OBJC_ARC = YES;
				CLANG_ENABLE_OBJC_WEAK = YES;
				CLANG_WARN_BLOCK_CAPTURE_AUTORELEASING = YES;
				CLANG_WARN_BOOL_CONVERSION = YES;
				CLANG_WARN_COMMA = YES;
				CLANG_WARN_CONSTANT_CONVERSION = YES;
				CLANG_WARN_DEPRECATED_OBJC_IMPLEMENTATIONS = YES;
				CLANG_WARN_DIRECT_OBJC_ISA_USAGE = YES_ERROR;
				CLANG_WARN_DOCUMENTATION_COMMENTS = YES;
				CLANG_WARN_EMPTY_BODY = YES;
				CLANG_WARN_ENUM_CONVERSION = YES;
				CLANG_WARN_INFINITE_RECURSION = YES;
				CLANG_WARN_INT_CONVERSION = YES;
				CLANG_WARN_NON_LITERAL_NULL_CONVERSION = YES;
				CLANG_WARN_OBJC_IMPLICIT_RETAIN_SELF = YES;
				CLANG_WARN_OBJC_LITERAL_CONVERSION = YES;
				CLANG_WARN_OBJC_ROOT_CLASS = YES_ERROR;
				CLANG_WARN_QUOTED_INCLUDE_IN_FRAMEWORK_HEADER = YES;
				CLANG_WARN_RANGE_LOOP_ANALYSIS = YES;
				CLANG_WARN_STRICT_PROTOTYPES = YES;
				CLANG_WARN_SUSPICIOUS_MOVE = YES;
				CLANG_WARN_UNGUARDED_AVAILABILITY = YES_AGGRESSIVE;
				CLANG_WARN_UNREACHABLE_CODE = YES;
				CLANG_WARN__DUPLICATE_METHOD_MATCH = YES;
				COPY_PHASE_STRIP = NO;
				DEBUG_INFORMATION_FORMAT = dwarf;
				ENABLE_STRICT_OBJC_MSGSEND = YES;
				ENABLE_TESTABILITY = YES;
				GCC_C_LANGUAGE_STANDARD = gnu11;
				GCC_DYNAMIC_NO_PIC = NO;
				GCC_NO_COMMON_BLOCKS = YES;
				GCC_OPTIMIZATION_LEVEL = 0;
				GCC_PREPROCESSOR_DEFINITIONS = (
					"DEBUG=1",
					"$(inherited)",
				);
				GCC_WARN_64_TO_32_BIT_CONVERSION = YES;
				GCC_WARN_ABOUT_RETURN_TYPE = YES_ERROR;
				GCC_WARN_UNDECLARED_SELECTOR = YES;
				GCC_WARN_UNINITIALIZED_AUTOS = YES_AGGRESSIVE;
				GCC_WARN_UNUSED_FUNCTION = YES;
				GCC_WARN_UNUSED_VARIABLE = YES;
				IPHONEOS_DEPLOYMENT_TARGET = 16.2;
				MTL_ENABLE_DEBUG_INFO = INCLUDE_SOURCE;
				MTL_FAST_MATH = YES;
				ONLY_ACTIVE_ARCH = YES;
				SDKROOT = iphoneos;
				SWIFT_ACTIVE_COMPILATION_CONDITIONS = DEBUG;
				SWIFT_OPTIMIZATION_LEVEL = "-Onone";
			};
			name = Debug;
		};
		A2C42BE72A0E4126008A5865 /* Release */ = {
			isa = XCBuildConfiguration;
			buildSettings = {
				ALWAYS_SEARCH_USER_PATHS = NO;
				CLANG_ANALYZER_NONNULL = YES;
				CLANG_ANALYZER_NUMBER_OBJECT_CONVERSION = YES_AGGRESSIVE;
				CLANG_CXX_LANGUAGE_STANDARD = "gnu++20";
				CLANG_ENABLE_MODULES = YES;
				CLANG_ENABLE_OBJC_ARC = YES;
				CLANG_ENABLE_OBJC_WEAK = YES;
				CLANG_WARN_BLOCK_CAPTURE_AUTORELEASING = YES;
				CLANG_WARN_BOOL_CONVERSION = YES;
				CLANG_WARN_COMMA = YES;
				CLANG_WARN_CONSTANT_CONVERSION = YES;
				CLANG_WARN_DEPRECATED_OBJC_IMPLEMENTATIONS = YES;
				CLANG_WARN_DIRECT_OBJC_ISA_USAGE = YES_ERROR;
				CLANG_WARN_DOCUMENTATION_COMMENTS = YES;
				CLANG_WARN_EMPTY_BODY = YES;
				CLANG_WARN_ENUM_CONVERSION = YES;
				CLANG_WARN_INFINITE_RECURSION = YES;
				CLANG_WARN_INT_CONVERSION = YES;
				CLANG_WARN_NON_LITERAL_NULL_CONVERSION = YES;
				CLANG_WARN_OBJC_IMPLICIT_RETAIN_SELF = YES;
				CLANG_WARN_OBJC_LITERAL_CONVERSION = YES;
				CLANG_WARN_OBJC_ROOT_CLASS = YES_ERROR;
				CLANG_WARN_QUOTED_INCLUDE_IN_FRAMEWORK_HEADER = YES;
				CLANG_WARN_RANGE_LOOP_ANALYSIS = YES;
				CLANG_WARN_STRICT_PROTOTYPES = YES;
				CLANG_WARN_SUSPICIOUS_MOVE = YES;
				CLANG_WARN_UNGUARDED_AVAILABILITY = YES_AGGRESSIVE;
				CLANG_WARN_UNREACHABLE_CODE = YES;
				CLANG_WARN__DUPLICATE_METHOD_MATCH = YES;
				COPY_PHASE_STRIP = NO;
				DEBUG_INFORMATION_FORMAT = "dwarf-with-dsym";
				ENABLE_NS_ASSERTIONS = NO;
				ENABLE_STRICT_OBJC_MSGSEND = YES;
				GCC_C_LANGUAGE_STANDARD = gnu11;
				GCC_NO_COMMON_BLOCKS = YES;
				GCC_WARN_64_TO_32_BIT_CONVERSION = YES;
				GCC_WARN_ABOUT_RETURN_TYPE = YES_ERROR;
				GCC_WARN_UNDECLARED_SELECTOR = YES;
				GCC_WARN_UNINITIALIZED_AUTOS = YES_AGGRESSIVE;
				GCC_WARN_UNUSED_FUNCTION = YES;
				GCC_WARN_UNUSED_VARIABLE = YES;
				IPHONEOS_DEPLOYMENT_TARGET = 16.2;
				MTL_ENABLE_DEBUG_INFO = NO;
				MTL_FAST_MATH = YES;
				SDKROOT = iphoneos;
				SWIFT_COMPILATION_MODE = wholemodule;
				SWIFT_OPTIMIZATION_LEVEL = "-O";
				VALIDATE_PRODUCT = YES;
			};
			name = Release;
		};
		A2C42BE92A0E4126008A5865 /* Debug */ = {
			isa = XCBuildConfiguration;
			baseConfigurationReference = 12E42034B91073D4FB5BEED7 /* Pods-SwiftPractice.debug.xcconfig */;
			buildSettings = {
				ASSETCATALOG_COMPILER_APPICON_NAME = AppIcon;
				ASSETCATALOG_COMPILER_GLOBAL_ACCENT_COLOR_NAME = AccentColor;
				CODE_SIGN_ENTITLEMENTS = SwiftPractice/SwiftPractice.entitlements;
				CODE_SIGN_STYLE = Automatic;
				CURRENT_PROJECT_VERSION = 1;
				DEVELOPMENT_TEAM = 2D8WKJP7C4;
				GENERATE_INFOPLIST_FILE = YES;
				INFOPLIST_FILE = SwiftPractice/Info.plist;
				INFOPLIST_KEY_UIApplicationSupportsIndirectInputEvents = YES;
				INFOPLIST_KEY_UILaunchStoryboardName = LaunchScreen;
				INFOPLIST_KEY_UIMainStoryboardFile = "";
				INFOPLIST_KEY_UISupportedInterfaceOrientations_iPad = "UIInterfaceOrientationPortrait UIInterfaceOrientationPortraitUpsideDown UIInterfaceOrientationLandscapeLeft UIInterfaceOrientationLandscapeRight";
				INFOPLIST_KEY_UISupportedInterfaceOrientations_iPhone = "UIInterfaceOrientationPortrait UIInterfaceOrientationLandscapeLeft UIInterfaceOrientationLandscapeRight";
				IPHONEOS_DEPLOYMENT_TARGET = 16.1;
				LD_RUNPATH_SEARCH_PATHS = (
					"$(inherited)",
					"@executable_path/Frameworks",
				);
				MARKETING_VERSION = 1.0;
				PRODUCT_BUNDLE_IDENTIFIER = com.uk.SwiftPractice;
				PRODUCT_NAME = "$(TARGET_NAME)";
				SWIFT_EMIT_LOC_STRINGS = YES;
				SWIFT_VERSION = 5.0;
				TARGETED_DEVICE_FAMILY = "1,2";
			};
			name = Debug;
		};
		A2C42BEA2A0E4126008A5865 /* Release */ = {
			isa = XCBuildConfiguration;
			baseConfigurationReference = 6F2B52BC70588582AA5B5914 /* Pods-SwiftPractice.release.xcconfig */;
			buildSettings = {
				ASSETCATALOG_COMPILER_APPICON_NAME = AppIcon;
				ASSETCATALOG_COMPILER_GLOBAL_ACCENT_COLOR_NAME = AccentColor;
				CODE_SIGN_ENTITLEMENTS = SwiftPractice/SwiftPractice.entitlements;
				CODE_SIGN_STYLE = Automatic;
				CURRENT_PROJECT_VERSION = 1;
				DEVELOPMENT_TEAM = 2D8WKJP7C4;
				GENERATE_INFOPLIST_FILE = YES;
				INFOPLIST_FILE = SwiftPractice/Info.plist;
				INFOPLIST_KEY_UIApplicationSupportsIndirectInputEvents = YES;
				INFOPLIST_KEY_UILaunchStoryboardName = LaunchScreen;
				INFOPLIST_KEY_UIMainStoryboardFile = "";
				INFOPLIST_KEY_UISupportedInterfaceOrientations_iPad = "UIInterfaceOrientationPortrait UIInterfaceOrientationPortraitUpsideDown UIInterfaceOrientationLandscapeLeft UIInterfaceOrientationLandscapeRight";
				INFOPLIST_KEY_UISupportedInterfaceOrientations_iPhone = "UIInterfaceOrientationPortrait UIInterfaceOrientationLandscapeLeft UIInterfaceOrientationLandscapeRight";
				IPHONEOS_DEPLOYMENT_TARGET = 16.1;
				LD_RUNPATH_SEARCH_PATHS = (
					"$(inherited)",
					"@executable_path/Frameworks",
				);
				MARKETING_VERSION = 1.0;
				PRODUCT_BUNDLE_IDENTIFIER = com.uk.SwiftPractice;
				PRODUCT_NAME = "$(TARGET_NAME)";
				SWIFT_EMIT_LOC_STRINGS = YES;
				SWIFT_VERSION = 5.0;
				TARGETED_DEVICE_FAMILY = "1,2";
			};
			name = Release;
		};
		A2C42BEC2A0E4126008A5865 /* Debug */ = {
			isa = XCBuildConfiguration;
			baseConfigurationReference = 4DB31F74D900DB03C3336A76 /* Pods-SwiftPracticeTests.debug.xcconfig */;
			buildSettings = {
				ALWAYS_EMBED_SWIFT_STANDARD_LIBRARIES = YES;
				BUNDLE_LOADER = "$(TEST_HOST)";
				CODE_SIGN_STYLE = Automatic;
				CURRENT_PROJECT_VERSION = 1;
				DEVELOPMENT_TEAM = 2D8WKJP7C4;
				GENERATE_INFOPLIST_FILE = YES;
				IPHONEOS_DEPLOYMENT_TARGET = 16.2;
				MARKETING_VERSION = 1.0;
				PRODUCT_BUNDLE_IDENTIFIER = com.uk.SwiftPracticeTests;
				PRODUCT_NAME = "$(TARGET_NAME)";
				SWIFT_EMIT_LOC_STRINGS = NO;
				SWIFT_VERSION = 5.0;
				TARGETED_DEVICE_FAMILY = "1,2";
				TEST_HOST = "$(BUILT_PRODUCTS_DIR)/SwiftPractice.app/$(BUNDLE_EXECUTABLE_FOLDER_PATH)/SwiftPractice";
			};
			name = Debug;
		};
		A2C42BED2A0E4126008A5865 /* Release */ = {
			isa = XCBuildConfiguration;
			baseConfigurationReference = C8F2300E6B20396C61696271 /* Pods-SwiftPracticeTests.release.xcconfig */;
			buildSettings = {
				ALWAYS_EMBED_SWIFT_STANDARD_LIBRARIES = YES;
				BUNDLE_LOADER = "$(TEST_HOST)";
				CODE_SIGN_STYLE = Automatic;
				CURRENT_PROJECT_VERSION = 1;
				DEVELOPMENT_TEAM = 2D8WKJP7C4;
				GENERATE_INFOPLIST_FILE = YES;
				IPHONEOS_DEPLOYMENT_TARGET = 16.2;
				MARKETING_VERSION = 1.0;
				PRODUCT_BUNDLE_IDENTIFIER = com.uk.SwiftPracticeTests;
				PRODUCT_NAME = "$(TARGET_NAME)";
				SWIFT_EMIT_LOC_STRINGS = NO;
				SWIFT_VERSION = 5.0;
				TARGETED_DEVICE_FAMILY = "1,2";
				TEST_HOST = "$(BUILT_PRODUCTS_DIR)/SwiftPractice.app/$(BUNDLE_EXECUTABLE_FOLDER_PATH)/SwiftPractice";
			};
			name = Release;
		};
		A2C42BEF2A0E4126008A5865 /* Debug */ = {
			isa = XCBuildConfiguration;
			baseConfigurationReference = 190D3BC251845A7EE83A0EF6 /* Pods-SwiftPractice-SwiftPracticeUITests.debug.xcconfig */;
			buildSettings = {
				ALWAYS_EMBED_SWIFT_STANDARD_LIBRARIES = YES;
				CODE_SIGN_STYLE = Automatic;
				CURRENT_PROJECT_VERSION = 1;
				DEVELOPMENT_TEAM = 2D8WKJP7C4;
				GENERATE_INFOPLIST_FILE = YES;
				MARKETING_VERSION = 1.0;
				PRODUCT_BUNDLE_IDENTIFIER = com.uk.SwiftPracticeUITests;
				PRODUCT_NAME = "$(TARGET_NAME)";
				SWIFT_EMIT_LOC_STRINGS = NO;
				SWIFT_VERSION = 5.0;
				TARGETED_DEVICE_FAMILY = "1,2";
				TEST_TARGET_NAME = SwiftPractice;
			};
			name = Debug;
		};
		A2C42BF02A0E4126008A5865 /* Release */ = {
			isa = XCBuildConfiguration;
			baseConfigurationReference = EC4D04474C8F6C9E7609191B /* Pods-SwiftPractice-SwiftPracticeUITests.release.xcconfig */;
			buildSettings = {
				ALWAYS_EMBED_SWIFT_STANDARD_LIBRARIES = YES;
				CODE_SIGN_STYLE = Automatic;
				CURRENT_PROJECT_VERSION = 1;
				DEVELOPMENT_TEAM = 2D8WKJP7C4;
				GENERATE_INFOPLIST_FILE = YES;
				MARKETING_VERSION = 1.0;
				PRODUCT_BUNDLE_IDENTIFIER = com.uk.SwiftPracticeUITests;
				PRODUCT_NAME = "$(TARGET_NAME)";
				SWIFT_EMIT_LOC_STRINGS = NO;
				SWIFT_VERSION = 5.0;
				TARGETED_DEVICE_FAMILY = "1,2";
				TEST_TARGET_NAME = SwiftPractice;
			};
			name = Release;
		};
/* End XCBuildConfiguration section */

/* Begin XCConfigurationList section */
		A2C42BB92A0E4125008A5865 /* Build configuration list for PBXProject "SwiftPractice" */ = {
			isa = XCConfigurationList;
			buildConfigurations = (
				A2C42BE62A0E4126008A5865 /* Debug */,
				A2C42BE72A0E4126008A5865 /* Release */,
			);
			defaultConfigurationIsVisible = 0;
			defaultConfigurationName = Release;
		};
		A2C42BE82A0E4126008A5865 /* Build configuration list for PBXNativeTarget "SwiftPractice" */ = {
			isa = XCConfigurationList;
			buildConfigurations = (
				A2C42BE92A0E4126008A5865 /* Debug */,
				A2C42BEA2A0E4126008A5865 /* Release */,
			);
			defaultConfigurationIsVisible = 0;
			defaultConfigurationName = Release;
		};
		A2C42BEB2A0E4126008A5865 /* Build configuration list for PBXNativeTarget "SwiftPracticeTests" */ = {
			isa = XCConfigurationList;
			buildConfigurations = (
				A2C42BEC2A0E4126008A5865 /* Debug */,
				A2C42BED2A0E4126008A5865 /* Release */,
			);
			defaultConfigurationIsVisible = 0;
			defaultConfigurationName = Release;
		};
		A2C42BEE2A0E4126008A5865 /* Build configuration list for PBXNativeTarget "SwiftPracticeUITests" */ = {
			isa = XCConfigurationList;
			buildConfigurations = (
				A2C42BEF2A0E4126008A5865 /* Debug */,
				A2C42BF02A0E4126008A5865 /* Release */,
			);
			defaultConfigurationIsVisible = 0;
			defaultConfigurationName = Release;
		};
/* End XCConfigurationList section */
	};
	rootObject = A2C42BB62A0E4125008A5865 /* Project object */;
}
